<?xml version="1.0" encoding="utf-8"?>
<Project ToolsVersion="4.0" xmlns="http://schemas.microsoft.com/developer/msbuild/2003">
  <ItemGroup>
    <Filter Include="src">
      <UniqueIdentifier>{706392f5-a56c-4076-8626-69c5590d4d07}</UniqueIdentifier>
    </Filter>
    <Filter Include="src\Renderer">
      <UniqueIdentifier>{4e0399c9-6fd8-49a3-87d4-493681868548}</UniqueIdentifier>
    </Filter>
    <Filter Include="src\Texture">
      <UniqueIdentifier>{276e38e2-b75b-4e70-86c6-832cc3d0e457}</UniqueIdentifier>
    </Filter>
    <Filter Include="libs">
      <UniqueIdentifier>{4a81ee06-f6d4-48ae-94db-a9bba70304ca}</UniqueIdentifier>
    </Filter>
    <Filter Include="libs\stb_image">
      <UniqueIdentifier>{c43ec429-96d2-451e-9033-3205652dcaff}</UniqueIdentifier>
    </Filter>
    <Filter Include="src\Utility">
      <UniqueIdentifier>{50f60a07-fd3f-48c9-9dc9-8dfcad167271}</UniqueIdentifier>
    </Filter>
    <Filter Include="src\Stopwatch">
      <UniqueIdentifier>{7a6cbc95-b0f7-4184-8fb2-99974a3a7873}</UniqueIdentifier>
    </Filter>
    <Filter Include="src\Input">
      <UniqueIdentifier>{8ba0c9d3-211e-4d48-9307-c50aaf1e6ff3}</UniqueIdentifier>
    </Filter>
    <Filter Include="src\Camera">
      <UniqueIdentifier>{c39c385c-2ff8-48a8-bbd8-6107e1b8fa6e}</UniqueIdentifier>
    </Filter>
    <Filter Include="src\Memory">
      <UniqueIdentifier>{f4162796-1b69-458a-8608-6760c32978ba}</UniqueIdentifier>
    </Filter>
    <Filter Include="src\OpenGL">
      <UniqueIdentifier>{13699dca-b0b1-4977-9936-b422ac3a134d}</UniqueIdentifier>
    </Filter>
    <Filter Include="src\FrameBuffer">
      <UniqueIdentifier>{70e6a664-afde-4283-b3b4-9d9db1499470}</UniqueIdentifier>
    </Filter>
    <Filter Include="src\Math">
      <UniqueIdentifier>{da783744-2d95-44f4-9326-16b2e1b7ddc8}</UniqueIdentifier>
    </Filter>
  </ItemGroup>
  <ItemGroup>
    <ClCompile Include="src\main.c">
      <Filter>src</Filter>
    </ClCompile>
    <ClCompile Include="src\Texture\Texture.c">
      <Filter>src\Texture</Filter>
    </ClCompile>
    <ClCompile Include="src\Renderer\Renderer.c">
      <Filter>src\Renderer</Filter>
    </ClCompile>
    <ClCompile Include="src\Game.c">
      <Filter>src</Filter>
    </ClCompile>
    <ClCompile Include="libs\stb_image\stb_image.c">
      <Filter>libs\stb_image</Filter>
    </ClCompile>
    <ClCompile Include="src\Utility\Validate.c">
      <Filter>src\Utility</Filter>
    </ClCompile>
    <ClCompile Include="src\Stopwatch\Stopwatch.c">
      <Filter>src\Stopwatch</Filter>
    </ClCompile>
    <ClCompile Include="src\OpenGL\OGLSurface.c">
      <Filter>src\OpenGL</Filter>
    </ClCompile>
    <ClCompile Include="src\FrameBuffer\FrameBuffer.c">
      <Filter>src\FrameBuffer</Filter>
    </ClCompile>
    <ClCompile Include="src\Camera\Camera.c">
      <Filter>src\Camera</Filter>
    </ClCompile>
    <ClCompile Include="src\Math\Mat4.c">
      <Filter>src\Math</Filter>
    </ClCompile>
    <ClCompile Include="src\Math\Vec3.c">
      <Filter>src\Math</Filter>
    </ClCompile>
  </ItemGroup>
  <ItemGroup>
    <ClInclude Include="src\Texture\Texture.h">
      <Filter>src\Texture</Filter>
    </ClInclude>
    <ClInclude Include="src\Renderer\Renderer.h">
      <Filter>src\Renderer</Filter>
    </ClInclude>
    <ClInclude Include="src\Game.h">
      <Filter>src</Filter>
    </ClInclude>
    <ClInclude Include="src\Defines.h">
      <Filter>src</Filter>
    </ClInclude>
    <ClInclude Include="libs\stb_image\stb_image.h">
      <Filter>libs\stb_image</Filter>
    </ClInclude>
    <ClInclude Include="src\Utility\Validate.h">
      <Filter>src\Utility</Filter>
    </ClInclude>
    <ClInclude Include="src\Typedefs.h">
      <Filter>src</Filter>
    </ClInclude>
    <ClInclude Include="src\Settings.h">
      <Filter>src</Filter>
    </ClInclude>
    <ClInclude Include="src\Stopwatch\Stopwatch.h">
      <Filter>src\Stopwatch</Filter>
    </ClInclude>
    <ClInclude Include="src\OpenGL\OGLSurface.h">
      <Filter>src\OpenGL</Filter>
    </ClInclude>
    <ClInclude Include="src\FrameBuffer\FrameBuffer.h">
      <Filter>src\FrameBuffer</Filter>
    </ClInclude>
    <ClInclude Include="src\Camera\Camera.h">
      <Filter>src\Camera</Filter>
    </ClInclude>
    <ClInclude Include="src\Math\Vec3.h">
      <Filter>src\Math</Filter>
    </ClInclude>
    <ClInclude Include="src\Math\Mat4.h">
      <Filter>src\Math</Filter>
    </ClInclude>
  </ItemGroup>
</Project>